
Microsoft Visual Studio Solution File, Format Version 12.00
# Visual Studio 2012
Project("{FAE04EC0-301F-11D3-BF4B-00C04F79EFBC}") = "Modul05", "Modul05\Modul05.csproj", "{BCC655A7-460C-4D43-AE10-B94A9E85A823}"
EndProject
Global
	GlobalSection(SolutionConfigurationPlatforms) = preSolution
		Debug|x86 = Debug|x86
		Release|x86 = Release|x86
	EndGlobalSection
	GlobalSection(ProjectConfigurationPlatforms) = postSolution
		{BCC655A7-460C-4D43-AE10-B94A9E85A823}.Debug|x86.ActiveCfg = Debug|x86
		{BCC655A7-460C-4D43-AE10-B94A9E85A823}.Debug|x86.Build.0 = Debug|x86
		{BCC655A7-460C-4D43-AE10-B94A9E85A823}.Release|x86.ActiveCfg = Release|x86
		{BCC655A7-460C-4D43-AE10-B94A9E85A823}.Release|x86.Build.0 = Release|x86
	EndGlobalSection
EndGlobal
